
Microsoft Visual Studio Solution File, Format Version 12.00
# Visual Studio 2013
VisualStudioVersion = 12.0.21005.1
MinimumVisualStudioVersion = 10.0.40219.1
Project("{F184B08F-C81C-45F6-A57F-5ABD9991F28F}") = "ComObject", "ComObject\ComObject.vbproj", "{56390AF4-5382-4816-ACD1-33799A761557}"
EndProject
Project("{F184B08F-C81C-45F6-A57F-5ABD9991F28F}") = "VBCommon", "VBCommon\VBCommon.vbproj", "{6882228C-823D-4491-B11A-DECC3F750ACA}"
EndProject
Global
	GlobalSection(SolutionConfigurationPlatforms) = preSolution
		Debug|Any CPU = Debug|Any CPU
		Release|Any CPU = Release|Any CPU
	EndGlobalSection
	GlobalSection(ProjectConfigurationPlatforms) = postSolution
		{56390AF4-5382-4816-ACD1-33799A761557}.Debug|Any CPU.ActiveCfg = Debug|Any CPU
		{56390AF4-5382-4816-ACD1-33799A761557}.Debug|Any CPU.Build.0 = Debug|Any CPU
		{56390AF4-5382-4816-ACD1-33799A761557}.Release|Any CPU.ActiveCfg = Release|Any CPU
		{56390AF4-5382-4816-ACD1-33799A761557}.Release|Any CPU.Build.0 = Release|Any CPU
		{6882228C-823D-4491-B11A-DECC3F750ACA}.Debug|Any CPU.ActiveCfg = Debug|Any CPU
		{6882228C-823D-4491-B11A-DECC3F750ACA}.Debug|Any CPU.Build.0 = Debug|Any CPU
		{6882228C-823D-4491-B11A-DECC3F750ACA}.Release|Any CPU.ActiveCfg = Release|Any CPU
		{6882228C-823D-4491-B11A-DECC3F750ACA}.Release|Any CPU.Build.0 = Release|Any CPU
	EndGlobalSection
	GlobalSection(SolutionProperties) = preSolution
		HideSolutionNode = FALSE
	EndGlobalSection
EndGlobal
